
Microsoft Visual Studio Solution File, Format Version 12.00
# Visual Studio Version 16
VisualStudioVersion = 16.0.29230.47
MinimumVisualStudioVersion = 10.0.40219.1
Project("{FAE04EC0-301F-11D3-BF4B-00C04F79EFBC}") = "WindowsFormsApp2", "WindowsFormsApp2.csproj", "{658CDFEC-92B5-4EEF-BF47-C52B6B08EE08}"
EndProject
Global
	GlobalSection(SolutionConfigurationPlatforms) = preSolution
		Debug|Any CPU = Debug|Any CPU
		Release|Any CPU = Release|Any CPU
	EndGlobalSection
	GlobalSection(ProjectConfigurationPlatforms) = postSolution
		{658CDFEC-92B5-4EEF-BF47-C52B6B08EE08}.Debug|Any CPU.ActiveCfg = Debug|Any CPU
		{658CDFEC-92B5-4EEF-BF47-C52B6B08EE08}.Debug|Any CPU.Build.0 = Debug|Any CPU
		{658CDFEC-92B5-4EEF-BF47-C52B6B08EE08}.Release|Any CPU.ActiveCfg = Release|Any CPU
		{658CDFEC-92B5-4EEF-BF47-C52B6B08EE08}.Release|Any CPU.Build.0 = Release|Any CPU
	EndGlobalSection
	GlobalSection(SolutionProperties) = preSolution
		HideSolutionNode = FALSE
	EndGlobalSection
	GlobalSection(ExtensibilityGlobals) = postSolution
		SolutionGuid = {8378D2D2-5E37-4B8F-AF2C-B0028046E68E}
	EndGlobalSection
EndGlobal
